// !$*UTF8*$!
{
	archiveVersion = 1;
	classes = {
	};
	objectVersion = 48;
	objects = {

/* Begin PBXBuildFile section */
		92A5181621392E1A003990A7 /* AppDelegate.swift in Sources */ = {isa = PBXBuildFile; fileRef = 92A5181521392E1A003990A7 /* AppDelegate.swift */; };
		92A5181821392E1A003990A7 /* ViewController.swift in Sources */ = {isa = PBXBuildFile; fileRef = 92A5181721392E1A003990A7 /* ViewController.swift */; };
		92A5181B21392E1A003990A7 /* Main.storyboard in Resources */ = {isa = PBXBuildFile; fileRef = 92A5181921392E1A003990A7 /* Main.storyboard */; };
		92A5181D21392E1A003990A7 /* Assets.xcassets in Resources */ = {isa = PBXBuildFile; fileRef = 92A5181C21392E1A003990A7 /* Assets.xcassets */; };
		92A5182021392E1A003990A7 /* LaunchScreen.storyboard in Resources */ = {isa = PBXBuildFile; fileRef = 92A5181E21392E1A003990A7 /* LaunchScreen.storyboard */; };
		92A5182821395E76003990A7 /* HobbiViewController.swift in Sources */ = {isa = PBXBuildFile; fileRef = 92A5182721395E76003990A7 /* HobbiViewController.swift */; };
		92A5182A21395E94003990A7 /* LinksViewController.swift in Sources */ = {isa = PBXBuildFile; fileRef = 92A5182921395E94003990A7 /* LinksViewController.swift */; };
		92A5182D21397448003990A7 /* screenMainStoryboard.png in Resources */ = {isa = PBXBuildFile; fileRef = 92A5182C21397448003990A7 /* screenMainStoryboard.png */; };
/* End PBXBuildFile section */

/* Begin PBXFileReference section */
		92A5181221392E1A003990A7 /* AppTabBars.app */ = {isa = PBXFileReference; explicitFileType = wrapper.application; includeInIndex = 0; path = AppTabBars.app; sourceTree = BUILT_PRODUCTS_DIR; };
		92A5181521392E1A003990A7 /* AppDelegate.swift */ = {isa = PBXFileReference; lastKnownFileType = sourcecode.swift; path = AppDelegate.swift; sourceTree = "<group>"; };
		92A5181721392E1A003990A7 /* ViewController.swift */ = {isa = PBXFileReference; lastKnownFileType = sourcecode.swift; path = ViewController.swift; sourceTree = "<group>"; };
		92A5181A21392E1A003990A7 /* Base */ = {isa = PBXFileReference; lastKnownFileType = file.storyboard; name = Base; path = Base.lproj/Main.storyboard; sourceTree = "<group>"; };
		92A5181C21392E1A003990A7 /* Assets.xcassets */ = {isa = PBXFileReference; lastKnownFileType = folder.assetcatalog; path = Assets.xcassets; sourceTree = "<group>"; };
		92A5181F21392E1A003990A7 /* Base */ = {isa = PBXFileReference; lastKnownFileType = file.storyboard; name = Base; path = Base.lproj/LaunchScreen.storyboard; sourceTree = "<group>"; };
		92A5182121392E1A003990A7 /* Info.plist */ = {isa = PBXFileReference; lastKnownFileType = text.plist.xml; path = Info.plist; sourceTree = "<group>"; };
		92A5182721395E76003990A7 /* HobbiViewController.swift */ = {isa = PBXFileReference; lastKnownFileType = sourcecode.swift; path = HobbiViewController.swift; sourceTree = "<group>"; };
		92A5182921395E94003990A7 /* LinksViewController.swift */ = {isa = PBXFileReference; lastKnownFileType = sourcecode.swift; path = LinksViewController.swift; sourceTree = "<group>"; };
		92A5182C21397448003990A7 /* screenMainStoryboard.png */ = {isa = PBXFileReference; lastKnownFileType = image.png; path = screenMainStoryboard.png; sourceTree = "<group>"; };
/* End PBXFileReference section */

/* Begin PBXFrameworksBuildPhase section */
		92A5180F21392E1A003990A7 /* Frameworks */ = {
			isa = PBXFrameworksBuildPhase;
			buildActionMask = 2147483647;
			files = (
			);
			runOnlyForDeploymentPostprocessing = 0;
		};
/* End PBXFrameworksBuildPhase section */

/* Begin PBXGroup section */
		92A5180921392E1A003990A7 = {
			isa = PBXGroup;
			children = (
				92A5181421392E1A003990A7 /* AppTabBars */,
				92A5181321392E1A003990A7 /* Products */,
			);
			sourceTree = "<group>";
		};
		92A5181321392E1A003990A7 /* Products */ = {
			isa = PBXGroup;
			children = (
				92A5181221392E1A003990A7 /* AppTabBars.app */,
			);
			name = Products;
			sourceTree = "<group>";
		};
		92A5181421392E1A003990A7 /* AppTabBars */ = {
			isa = PBXGroup;
			children = (
				92A5182B21397448003990A7 /* images */,
				92A5181521392E1A003990A7 /* AppDelegate.swift */,
				92A5181721392E1A003990A7 /* ViewController.swift */,
				92A5182721395E76003990A7 /* HobbiViewController.swift */,
				92A5182921395E94003990A7 /* LinksViewController.swift */,
				92A5181921392E1A003990A7 /* Main.storyboard */,
				92A5181C21392E1A003990A7 /* Assets.xcassets */,
				92A5181E21392E1A003990A7 /* LaunchScreen.storyboard */,
				92A5182121392E1A003990A7 /* Info.plist */,
			);
			path = AppTabBars;
			sourceTree = "<group>";
		};
		92A5182B21397448003990A7 /* images */ = {
			isa = PBXGroup;
			children = (
				92A5182C21397448003990A7 /* screenMainStoryboard.png */,
			);
			path = images;
			sourceTree = "<group>";
		};
/* End PBXGroup section */

/* Begin PBXNativeTarget section */
		92A5181121392E1A003990A7 /* AppTabBars */ = {
			isa = PBXNativeTarget;
			buildConfigurationList = 92A5182421392E1A003990A7 /* Build configuration list for PBXNativeTarget "AppTabBars" */;
			buildPhases = (
				92A5180E21392E1A003990A7 /* Sources */,
				92A5180F21392E1A003990A7 /* Frameworks */,
				92A5181021392E1A003990A7 /* Resources */,
			);
			buildRules = (
			);
			dependencies = (
			);
			name = AppTabBars;
			productName = AppTabBars;
			productReference = 92A5181221392E1A003990A7 /* AppTabBars.app */;
			productType = "com.apple.product-type.application";
		};
/* End PBXNativeTarget section */

/* Begin PBXProject section */
		92A5180A21392E1A003990A7 /* Project object */ = {
			isa = PBXProject;
			attributes = {
				LastSwiftUpdateCheck = 0920;
				LastUpgradeCheck = 0920;
				ORGANIZATIONNAME = "Александр Макаров";
				TargetAttributes = {
					92A5181121392E1A003990A7 = {
						CreatedOnToolsVersion = 9.2;
						ProvisioningStyle = Automatic;
					};
				};
			};
			buildConfigurationList = 92A5180D21392E1A003990A7 /* Build configuration list for PBXProject "AppTabBars" */;
			compatibilityVersion = "Xcode 8.0";
			developmentRegion = en;
			hasScannedForEncodings = 0;
			knownRegions = (
				en,
				Base,
			);
			mainGroup = 92A5180921392E1A003990A7;
			productRefGroup = 92A5181321392E1A003990A7 /* Products */;
			projectDirPath = "";
			projectRoot = "";
			targets = (
				92A5181121392E1A003990A7 /* AppTabBars */,
			);
		};
/* End PBXProject section */

/* Begin PBXResourcesBuildPhase section */
		92A5181021392E1A003990A7 /* Resources */ = {
			isa = PBXResourcesBuildPhase;
			buildActionMask = 2147483647;
			files = (
				92A5182021392E1A003990A7 /* LaunchScreen.storyboard in Resources */,
				92A5182D21397448003990A7 /* screenMainStoryboard.png in Resources */,
				92A5181D21392E1A003990A7 /* Assets.xcassets in Resources */,
				92A5181B21392E1A003990A7 /* Main.storyboard in Resources */,
			);
			runOnlyForDeploymentPostprocessing = 0;
		};
/* End PBXResourcesBuildPhase section */

/* Begin PBXSourcesBuildPhase section */
		92A5180E21392E1A003990A7 /* Sources */ = {
			isa = PBXSourcesBuildPhase;
			buildActionMask = 2147483647;
			files = (
				92A5182A21395E94003990A7 /* LinksViewController.swift in Sources */,
				92A5181821392E1A003990A7 /* ViewController.swift in Sources */,
				92A5182821395E76003990A7 /* HobbiViewController.swift in Sources */,
				92A5181621392E1A003990A7 /* AppDelegate.swift in Sources */,
			);
			runOnlyForDeploymentPostprocessing = 0;
		};
/* End PBXSourcesBuildPhase section */

/* Begin PBXVariantGroup section */
		92A5181921392E1A003990A7 /* Main.storyboard */ = {
			isa = PBXVariantGroup;
			children = (
				92A5181A21392E1A003990A7 /* Base */,
			);
			name = Main.storyboard;
			sourceTree = "<group>";
		};
		92A5181E21392E1A003990A7 /* LaunchScreen.storyboard */ = {
			isa = PBXVariantGroup;
			children = (
				92A5181F21392E1A003990A7 /* Base */,
			);
			name = LaunchScreen.storyboard;
			sourceTree = "<group>";
		};
/* End PBXVariantGroup section */

/* Begin XCBuildConfiguration section */
		92A5182221392E1A003990A7 /* Debug */ = {
			isa = XCBuildConfiguration;
			buildSettings = {
				ALWAYS_SEARCH_USER_PATHS = NO;
				CLANG_ANALYZER_NONNULL = YES;
				CLANG_ANALYZER_NUMBER_OBJECT_CONVERSION = YES_AGGRESSIVE;
				CLANG_CXX_LANGUAGE_STANDARD = "gnu++14";
				CLANG_CXX_LIBRARY = "libc++";
				CLANG_ENABLE_MODULES = YES;
				CLANG_ENABLE_OBJC_ARC = YES;
				CLANG_WARN_BLOCK_CAPTURE_AUTORELEASING = YES;
				CLANG_WARN_BOOL_CONVERSION = YES;
				CLANG_WARN_COMMA = YES;
				CLANG_WARN_CONSTANT_CONVERSION = YES;
				CLANG_WARN_DIRECT_OBJC_ISA_USAGE = YES_ERROR;
				CLANG_WARN_DOCUMENTATION_COMMENTS = YES;
				CLANG_WARN_EMPTY_BODY = YES;
				CLANG_WARN_ENUM_CONVERSION = YES;
				CLANG_WARN_INFINITE_RECURSION = YES;
				CLANG_WARN_INT_CONVERSION = YES;
				CLANG_WARN_NON_LITERAL_NULL_CONVERSION = YES;
				CLANG_WARN_OBJC_LITERAL_CONVERSION = YES;
				CLANG_WARN_OBJC_ROOT_CLASS = YES_ERROR;
				CLANG_WARN_RANGE_LOOP_ANALYSIS = YES;
				CLANG_WARN_STRICT_PROTOTYPES = YES;
				CLANG_WARN_SUSPICIOUS_MOVE = YES;
				CLANG_WARN_UNGUARDED_AVAILABILITY = YES_AGGRESSIVE;
				CLANG_WARN_UNREACHABLE_CODE = YES;
				CLANG_WARN__DUPLICATE_METHOD_MATCH = YES;
				CODE_SIGN_IDENTITY = "iPhone Developer";
				COPY_PHASE_STRIP = NO;
				DEBUG_INFORMATION_FORMAT = dwarf;
				ENABLE_STRICT_OBJC_MSGSEND = YES;
				ENABLE_TESTABILITY = YES;
				GCC_C_LANGUAGE_STANDARD = gnu11;
				GCC_DYNAMIC_NO_PIC = NO;
				GCC_NO_COMMON_BLOCKS = YES;
				GCC_OPTIMIZATION_LEVEL = 0;
				GCC_PREPROCESSOR_DEFINITIONS = (
					"DEBUG=1",
					"$(inherited)",
				);
				GCC_WARN_64_TO_32_BIT_CONVERSION = YES;
				GCC_WARN_ABOUT_RETURN_TYPE = YES_ERROR;
				GCC_WARN_UNDECLARED_SELECTOR = YES;
				GCC_WARN_UNINITIALIZED_AUTOS = YES_AGGRESSIVE;
				GCC_WARN_UNUSED_FUNCTION = YES;
				GCC_WARN_UNUSED_VARIABLE = YES;
				IPHONEOS_DEPLOYMENT_TARGET = 11.2;
				MTL_ENABLE_DEBUG_INFO = YES;
				ONLY_ACTIVE_ARCH = YES;
				SDKROOT = iphoneos;
				SWIFT_ACTIVE_COMPILATION_CONDITIONS = DEBUG;
				SWIFT_OPTIMIZATION_LEVEL = "-Onone";
			};
			name = Debug;
		};
		92A5182321392E1A003990A7 /* Release */ = {
			isa = XCBuildConfiguration;
			buildSettings = {
				ALWAYS_SEARCH_USER_PATHS = NO;
				CLANG_ANALYZER_NONNULL = YES;
				CLANG_ANALYZER_NUMBER_OBJECT_CONVERSION = YES_AGGRESSIVE;
				CLANG_CXX_LANGUAGE_STANDARD = "gnu++14";
				CLANG_CXX_LIBRARY = "libc++";
				CLANG_ENABLE_MODULES = YES;
				CLANG_ENABLE_OBJC_ARC = YES;
				CLANG_WARN_BLOCK_CAPTURE_AUTORELEASING = YES;
				CLANG_WARN_BOOL_CONVERSION = YES;
				CLANG_WARN_COMMA = YES;
				CLANG_WARN_CONSTANT_CONVERSION = YES;
				CLANG_WARN_DIRECT_OBJC_ISA_USAGE = YES_ERROR;
				CLANG_WARN_DOCUMENTATION_COMMENTS = YES;
				CLANG_WARN_EMPTY_BODY = YES;
				CLANG_WARN_ENUM_CONVERSION = YES;
				CLANG_WARN_INFINITE_RECURSION = YES;
				CLANG_WARN_INT_CONVERSION = YES;
				CLANG_WARN_NON_LITERAL_NULL_CONVERSION = YES;
				CLANG_WARN_OBJC_LITERAL_CONVERSION = YES;
				CLANG_WARN_OBJC_ROOT_CLASS = YES_ERROR;
				CLANG_WARN_RANGE_LOOP_ANALYSIS = YES;
				CLANG_WARN_STRICT_PROTOTYPES = YES;
				CLANG_WARN_SUSPICIOUS_MOVE = YES;
				CLANG_WARN_UNGUARDED_AVAILABILITY = YES_AGGRESSIVE;
				CLANG_WARN_UNREACHABLE_CODE = YES;
				CLANG_WARN__DUPLICATE_METHOD_MATCH = YES;
				CODE_SIGN_IDENTITY = "iPhone Developer";
				COPY_PHASE_STRIP = NO;
				DEBUG_INFORMATION_FORMAT = "dwarf-with-dsym";
				ENABLE_NS_ASSERTIONS = NO;
				ENABLE_STRICT_OBJC_MSGSEND = YES;
				GCC_C_LANGUAGE_STANDARD = gnu11;
				GCC_NO_COMMON_BLOCKS = YES;
				GCC_WARN_64_TO_32_BIT_CONVERSION = YES;
				GCC_WARN_ABOUT_RETURN_TYPE = YES_ERROR;
				GCC_WARN_UNDECLARED_SELECTOR = YES;
				GCC_WARN_UNINITIALIZED_AUTOS = YES_AGGRESSIVE;
				GCC_WARN_UNUSED_FUNCTION = YES;
				GCC_WARN_UNUSED_VARIABLE = YES;
				IPHONEOS_DEPLOYMENT_TARGET = 11.2;
				MTL_ENABLE_DEBUG_INFO = NO;
				SDKROOT = iphoneos;
				SWIFT_OPTIMIZATION_LEVEL = "-Owholemodule";
				VALIDATE_PRODUCT = YES;
			};
			name = Release;
		};
		92A5182521392E1A003990A7 /* Debug */ = {
			isa = XCBuildConfiguration;
			buildSettings = {
				ASSETCATALOG_COMPILER_APPICON_NAME = AppIcon;
				CODE_SIGN_STYLE = Automatic;
				DEVELOPMENT_TEAM = FR69MTKZ3R;
				INFOPLIST_FILE = AppTabBars/Info.plist;
				LD_RUNPATH_SEARCH_PATHS = "$(inherited) @executable_path/Frameworks";
				PRODUCT_BUNDLE_IDENTIFIER = "ru.media-keys.AppTabBars";
				PRODUCT_NAME = "$(TARGET_NAME)";
				SWIFT_VERSION = 4.0;
				TARGETED_DEVICE_FAMILY = "1,2";
			};
			name = Debug;
		};
		92A5182621392E1A003990A7 /* Release */ = {
			isa = XCBuildConfiguration;
			buildSettings = {
				ASSETCATALOG_COMPILER_APPICON_NAME = AppIcon;
				CODE_SIGN_STYLE = Automatic;
				DEVELOPMENT_TEAM = FR69MTKZ3R;
				INFOPLIST_FILE = AppTabBars/Info.plist;
				LD_RUNPATH_SEARCH_PATHS = "$(inherited) @executable_path/Frameworks";
				PRODUCT_BUNDLE_IDENTIFIER = "ru.media-keys.AppTabBars";
				PRODUCT_NAME = "$(TARGET_NAME)";
				SWIFT_VERSION = 4.0;
				TARGETED_DEVICE_FAMILY = "1,2";
			};
			name = Release;
		};
/* End XCBuildConfiguration section */

/* Begin XCConfigurationList section */
		92A5180D21392E1A003990A7 /* Build configuration list for PBXProject "AppTabBars" */ = {
			isa = XCConfigurationList;
			buildConfigurations = (
				92A5182221392E1A003990A7 /* Debug */,
				92A5182321392E1A003990A7 /* Release */,
			);
			defaultConfigurationIsVisible = 0;
			defaultConfigurationName = Release;
		};
		92A5182421392E1A003990A7 /* Build configuration list for PBXNativeTarget "AppTabBars" */ = {
			isa = XCConfigurationList;
			buildConfigurations = (
				92A5182521392E1A003990A7 /* Debug */,
				92A5182621392E1A003990A7 /* Release */,
			);
			defaultConfigurationIsVisible = 0;
			defaultConfigurationName = Release;
		};
/* End XCConfigurationList section */
	};
	rootObject = 92A5180A21392E1A003990A7 /* Project object */;
}
